{
  "projects": [
    {
      "projectId": "nfSxZjVucxtfieS23UFsqy",
      "version": "latest",
      "dependencies": {},
      "lang": "ts",
      "fileLocks": [
        {
          "type": "globalVariant",
          "assetId": "rpLZvrBoo_7pdKh",
          "checksum": "d05690cf258d652e159d15cf6c7793cd"
        },
        {
          "assetId": "nfSxZjVucxtfieS23UFsqy",
          "type": "projectCss",
          "checksum": "6bd124681b76f6767bee4c7510b0943b"
        },
        {
          "type": "renderModule",
          "assetId": "adTFp5pzrGMS",
          "checksum": "6ab29ccfe8886edbc0bff1048a961a7b"
        },
        {
          "type": "cssRules",
          "assetId": "adTFp5pzrGMS",
          "checksum": "6ab29ccfe8886edbc0bff1048a961a7b"
        },
        {
          "type": "renderModule",
          "assetId": "i2dw_YlG0JzBa",
          "checksum": "2abba1ec8cbe5bedb8ee7c9dcefc5ccf"
        },
        {
          "type": "cssRules",
          "assetId": "i2dw_YlG0JzBa",
          "checksum": "2abba1ec8cbe5bedb8ee7c9dcefc5ccf"
        },
        {
          "type": "renderModule",
          "assetId": "BvRJvRINBZCfW",
          "checksum": "8628323aa87ea047f0e3748c333e596d"
        },
        {
          "type": "cssRules",
          "assetId": "BvRJvRINBZCfW",
          "checksum": "8628323aa87ea047f0e3748c333e596d"
        },
        {
          "type": "renderModule",
          "assetId": "lyffgFh8zzrDk",
          "checksum": "bcc048b3781898ab4e2358481f365259"
        },
        {
          "type": "cssRules",
          "assetId": "lyffgFh8zzrDk",
          "checksum": "bcc048b3781898ab4e2358481f365259"
        },
        {
          "type": "renderModule",
          "assetId": "VVH0m4IJoi7p0t",
          "checksum": "e0076cb946ae2f943753597c9e99aa47"
        },
        {
          "type": "cssRules",
          "assetId": "VVH0m4IJoi7p0t",
          "checksum": "e0076cb946ae2f943753597c9e99aa47"
        },
        {
          "type": "renderModule",
          "assetId": "wKI0nlwt3ZT5yO",
          "checksum": "eeb2c11603a49115e3cd9cd568b57052"
        },
        {
          "type": "cssRules",
          "assetId": "wKI0nlwt3ZT5yO",
          "checksum": "eeb2c11603a49115e3cd9cd568b57052"
        },
        {
          "type": "renderModule",
          "assetId": "u1uA-aeIoQvLjH",
          "checksum": "835481283bb4f749c8eb0a20a2187b22"
        },
        {
          "type": "cssRules",
          "assetId": "u1uA-aeIoQvLjH",
          "checksum": "835481283bb4f749c8eb0a20a2187b22"
        },
        {
          "type": "renderModule",
          "assetId": "ZtACbyoZIeOB0F",
          "checksum": "a57bd5d509c3698dc95a0af093b38069"
        },
        {
          "type": "cssRules",
          "assetId": "ZtACbyoZIeOB0F",
          "checksum": "a57bd5d509c3698dc95a0af093b38069"
        },
        {
          "type": "renderModule",
          "assetId": "j_FPxDBLkN4XNg",
          "checksum": "361c34df113e5992b5e77f702a7ea24a"
        },
        {
          "type": "cssRules",
          "assetId": "j_FPxDBLkN4XNg",
          "checksum": "361c34df113e5992b5e77f702a7ea24a"
        },
        {
          "type": "renderModule",
          "assetId": "NnubNq-fWNWlbtT",
          "checksum": "ec28345218982e19dc22b16ab1e42c88"
        },
        {
          "type": "cssRules",
          "assetId": "NnubNq-fWNWlbtT",
          "checksum": "ec28345218982e19dc22b16ab1e42c88"
        },
        {
          "type": "renderModule",
          "assetId": "c_QmF5P6dvy14Px",
          "checksum": "1b288409202b9b34a25a11eab7ddfdfe"
        },
        {
          "type": "cssRules",
          "assetId": "c_QmF5P6dvy14Px",
          "checksum": "1b288409202b9b34a25a11eab7ddfdfe"
        },
        {
          "type": "renderModule",
          "assetId": "pQTaPc4NQmA6IHD",
          "checksum": "a2c70b9b05864706885a67ff2f602a02"
        },
        {
          "type": "cssRules",
          "assetId": "pQTaPc4NQmA6IHD",
          "checksum": "a2c70b9b05864706885a67ff2f602a02"
        },
        {
          "type": "renderModule",
          "assetId": "c-kwCUG2omGSmuu",
          "checksum": "0011640dbfd1029b2995500b40bcda20"
        },
        {
          "type": "cssRules",
          "assetId": "c-kwCUG2omGSmuu",
          "checksum": "0011640dbfd1029b2995500b40bcda20"
        },
        {
          "type": "renderModule",
          "assetId": "gy2erJa9TCe7Yo-",
          "checksum": "c38ccf73d3b77c39c8198f14c100a5bb"
        },
        {
          "type": "cssRules",
          "assetId": "gy2erJa9TCe7Yo-",
          "checksum": "c38ccf73d3b77c39c8198f14c100a5bb"
        },
        {
          "type": "renderModule",
          "assetId": "PkJ9xK8dLM-CAHB",
          "checksum": "4afe8435b64b42e1f380aa6a181f177a"
        },
        {
          "type": "cssRules",
          "assetId": "PkJ9xK8dLM-CAHB",
          "checksum": "4afe8435b64b42e1f380aa6a181f177a"
        },
        {
          "type": "renderModule",
          "assetId": "eu-us2cDwaNn",
          "checksum": "cca00375a0a449e4bcb826f91a032b90"
        },
        {
          "type": "cssRules",
          "assetId": "eu-us2cDwaNn",
          "checksum": "cca00375a0a449e4bcb826f91a032b90"
        },
        {
          "type": "icon",
          "assetId": "eSF-0RqcV4G6qhZ",
          "checksum": "1a0081f18b49bee71ecb7cb3fd9aff21"
        },
        {
          "type": "icon",
          "assetId": "bhoFISTNxHeSPJp",
          "checksum": "bacb5c0267ee9bd8465fe541b7920321"
        },
        {
          "type": "icon",
          "assetId": "zG2B6AAPlaJrheO",
          "checksum": "2691ac1b7b9d2ac4bf85e9230a451ce1"
        },
        {
          "type": "icon",
          "assetId": "MtAp5_rjAWK6aiv",
          "checksum": "da68efa338be71dd62f113bbf4336e6f"
        },
        {
          "type": "icon",
          "assetId": "AnzqGBkdi-adcC2",
          "checksum": "cc596e3506e7d81820879f3ea250682c"
        },
        {
          "type": "icon",
          "assetId": "bsr3RomwB43HQb4",
          "checksum": "a9f5ac89a32daba802e0872039fa7224"
        },
        {
          "type": "icon",
          "assetId": "5E9faZ0BcCIW1Di",
          "checksum": "0997f847cb7d36def5bdcb1c5044159d"
        },
        {
          "type": "icon",
          "assetId": "qSwAyJdMxzptvfq",
          "checksum": "0a58986e9cbc16edaf2f127bedf4cdd8"
        },
        {
          "type": "icon",
          "assetId": "jhqdEBFDb1MhCwS",
          "checksum": "db9f7d889681904f4cb99fff21573653"
        },
        {
          "type": "icon",
          "assetId": "rGR2wngf9X4yt-J",
          "checksum": "980081e1c4b1288a91900aff0fde8f18"
        },
        {
          "type": "icon",
          "assetId": "AU93K6bMzI17lDw",
          "checksum": "1b8bbabf9f7bf94afe92d6457a73172c"
        },
        {
          "type": "icon",
          "assetId": "T3HtrZQTe7r2OEj",
          "checksum": "1a0f3ee8105969557559080b737a0e95"
        },
        {
          "type": "icon",
          "assetId": "hkH3IVvRke3cXKQ",
          "checksum": "f1e1560d715c9e802d078cf1811adc67"
        },
        {
          "type": "icon",
          "assetId": "x5aqxbdxfNtHMCH",
          "checksum": "75ab5a3dfdd2fce4466f39fc6322befd"
        },
        {
          "type": "image",
          "assetId": "5nQKNyKQk3SvBoz",
          "checksum": "dac01af71af6b84cc2460531fefb86a2"
        },
        {
          "type": "image",
          "assetId": "7DrbbY_0PzHiId1",
          "checksum": "9d32e267059dea004033f01e433378be"
        },
        {
          "type": "image",
          "assetId": "Pj-0M3Ap7UkRa8w",
          "checksum": "14b162698bb9bf9881688670eef513c9"
        },
        {
          "type": "image",
          "assetId": "zTDsKdonK5pBIk4",
          "checksum": "09faa6b3809ebf3d08dad93aab1f9cea"
        },
        {
          "type": "image",
          "assetId": "snfi6XWks2ARM0H",
          "checksum": "1f492df919bdd1a57bda2c0f1b83ac20"
        },
        {
          "type": "image",
          "assetId": "pf5K0Wsr_pbB994",
          "checksum": "d086d8810de01cb84f438a2b2eebb384"
        },
        {
          "type": "image",
          "assetId": "UidArNAnm7-gJCH",
          "checksum": "70979a75b65010af1ae6b0bb3688e36e"
        },
        {
          "type": "image",
          "assetId": "GJg6f9eSCiXDWAl",
          "checksum": "0e0981f12970a3fa155061b3ac0da9be"
        },
        {
          "type": "image",
          "assetId": "FXnKelweRBMyOG3",
          "checksum": "8d1b6a8e7e5a770713026d62ce9a7d8e"
        },
        {
          "type": "image",
          "assetId": "O-MR59gTLdnhku8",
          "checksum": "0a895be7141bafc3bf3984906a15b709"
        },
        {
          "type": "image",
          "assetId": "b2OHWfNWAHC1YL4",
          "checksum": "ac68c641aeda5f604bb66cf940f0c597"
        },
        {
          "type": "image",
          "assetId": "DJKvc-H-D5vaqNh",
          "checksum": "7abe8aa051d222aafeb762e9c8c82c48"
        },
        {
          "type": "image",
          "assetId": "UNEhvmNrMMrfxM8",
          "checksum": "db2fad9b59f6299a7e7547a391af3cd3"
        },
        {
          "type": "image",
          "assetId": "kcU42MkZH93F2kW",
          "checksum": "460d485368c4d5beb86354fe4b20c840"
        },
        {
          "type": "image",
          "assetId": "rB0mTzce6WmkICx",
          "checksum": "cb803ad8a92c4decef2a6559ce3b405d"
        },
        {
          "type": "image",
          "assetId": "ErtFvM1Wi3itmbO",
          "checksum": "20a6281465604b46aa4e68db8ed88618"
        },
        {
          "type": "image",
          "assetId": "YS42xfqhbeu4pQi",
          "checksum": "c4867b5f43e41680ad9a057e348046ad"
        },
        {
          "type": "image",
          "assetId": "uPr8ET4296lA7M-",
          "checksum": "ff79c12db810569435d5096c7b2c87f5"
        },
        {
          "type": "image",
          "assetId": "-XzMawBMOtO6Ru9",
          "checksum": "a944b44c1cdfce9726288df881035e75"
        },
        {
          "type": "image",
          "assetId": "aKcew3gnG3g660b",
          "checksum": "65057f28fe3949b8d91101cee90e319d"
        },
        {
          "type": "image",
          "assetId": "MLiE8Le8a7OkeLg",
          "checksum": "84040e50f9ce6c29b7b2efd1b0f76282"
        },
        {
          "type": "image",
          "assetId": "NOohhX_YetN0qVK",
          "checksum": "ad8c11a23798e077bb0f3f797239c710"
        },
        {
          "type": "image",
          "assetId": "5BXBHaDL3HDDXqa",
          "checksum": "a03a8e126f7aed2627b7f591e5a48c76"
        },
        {
          "type": "image",
          "assetId": "kXaOljcNFCKr5Dy",
          "checksum": "add69458c29a2d96d47b6785527053a8"
        },
        {
          "type": "image",
          "assetId": "zteVcY8zqPCRkOC",
          "checksum": "3586dcfda7f1da3bd53aefaef1887aac"
        },
        {
          "type": "image",
          "assetId": "UA3OxMTMWSi3xIY",
          "checksum": "8f2d7e7830649f429c6a9b79c1143bca"
        },
        {
          "type": "image",
          "assetId": "tTGzEQwFl_QeMBS",
          "checksum": "7657ed43d2a0a0abce9593a9edc513e0"
        },
        {
          "type": "image",
          "assetId": "hsKpXsoWh7e7P0Q",
          "checksum": "b9b7072757e90166d9346eb40e96352d"
        },
        {
          "type": "image",
          "assetId": "m_CinHliilp3TCg",
          "checksum": "b566f6febe3a80390c196a549cfd7494"
        },
        {
          "type": "image",
          "assetId": "fxK6i8j4QJK4riD",
          "checksum": "8ec5ae83fbf0c0f860a238a7247aa896"
        },
        {
          "type": "image",
          "assetId": "4HvP2YQIYNpTwo8",
          "checksum": "0dc5218e932563daacde0652d33aca0f"
        },
        {
          "type": "image",
          "assetId": "ApCMNyZFB1tGoRE",
          "checksum": "0391de384a552ec8853ea9a951447dd2"
        },
        {
          "type": "image",
          "assetId": "Tt5ml0unUoMFQ63",
          "checksum": "77c7b74bd4c3e6b27300ee7ac1335d18"
        },
        {
          "type": "image",
          "assetId": "lFA8VBO5F_ZUc51",
          "checksum": "7caf067a2268771616272dac570a067a"
        },
        {
          "type": "image",
          "assetId": "EuWzPYPfKS_1uc1",
          "checksum": "cb4e2e555b473d04346c0388c465c75d"
        },
        {
          "type": "image",
          "assetId": "-8YsE2RIguCgoHh",
          "checksum": "e18ab550df7e4cb56d69ca0431240ca7"
        },
        {
          "type": "image",
          "assetId": "rm_bUs3XdhKfFAY",
          "checksum": "4d6322329a33c14df6a0947bb41bdff6"
        },
        {
          "type": "image",
          "assetId": "e0pA9GhqFj2K1DA",
          "checksum": "96a0f4f9486771e1e71b88610e716399"
        },
        {
          "type": "image",
          "assetId": "7Ug1xSe9FqgNDxe",
          "checksum": "59df567887540b02a8f8af41fc1ac042"
        },
        {
          "type": "image",
          "assetId": "GxQiUUVShJ8RxL5",
          "checksum": "458b8b8d232cd01510ffa3cba10e2c3c"
        },
        {
          "type": "image",
          "assetId": "a-2wDeaQGCQAdB0",
          "checksum": "443a922d25c36781f2b7f94409fdb30c"
        },
        {
          "type": "image",
          "assetId": "0ZsWiI8O37P7ylw",
          "checksum": "d91dd5eb8be29d0b3083bd212eb13392"
        },
        {
          "type": "image",
          "assetId": "iz09ztpKmyYTBmL",
          "checksum": "511ae5a330ba70f726e9337487a66da0"
        },
        {
          "type": "image",
          "assetId": "Mlm7-vpYjltOEQn",
          "checksum": "43bf62c38a0cfc7e03326c47fdf43f79"
        },
        {
          "type": "image",
          "assetId": "EX-_GyzpaktUzUc",
          "checksum": "f3e42e7e1cbe824a462c2cb39e41c494"
        },
        {
          "type": "image",
          "assetId": "dILUTTOuKomfMLD",
          "checksum": "1c43661ee73f67a7168cde0717a87fe9"
        },
        {
          "type": "image",
          "assetId": "W_Qv0uOFXQdq7uO",
          "checksum": "4237c9e6f001884ef6379be32ac0552d"
        },
        {
          "type": "image",
          "assetId": "tVBNbo1SeeDy3L0",
          "checksum": "fa6ac925f197e241bcf17f13d04faceb"
        },
        {
          "type": "image",
          "assetId": "ZymHjIsoE4b1tqG",
          "checksum": "dc4e5b8c646c8cb1baada4f2a179c333"
        },
        {
          "type": "image",
          "assetId": "FS6VPo6JdnTZrNr",
          "checksum": "140274fb0e2b5cdf35badaa27ca2985c"
        },
        {
          "type": "image",
          "assetId": "r3wTa7x-GvjNftL",
          "checksum": "eaf396a8fd6417ea4c2b4a82572ee3e1"
        },
        {
          "type": "image",
          "assetId": "jIHn9ZvUtYvM3gJ",
          "checksum": "6be6971fb5d9957dc516b39a3757e9b3"
        },
        {
          "type": "image",
          "assetId": "SQSnC35y0oyK65H",
          "checksum": "f470c3cfd526a79878c40db08f8f3688"
        },
        {
          "type": "image",
          "assetId": "4WCOHH89SVnF_UJ",
          "checksum": "d0e0afd0d37992558ee8d543ca70c324"
        },
        {
          "type": "image",
          "assetId": "jIFNUPLWRSR2Pl-",
          "checksum": "f8c7e4e34db2d4aa2b16d23934a11344"
        },
        {
          "type": "image",
          "assetId": "N3oej1DdQXd4TWD",
          "checksum": "b4b9fcf1909bf1cba5c38b11e7115364"
        },
        {
          "type": "image",
          "assetId": "07cURNxA0rGgx0B",
          "checksum": "07ce0cfba199ca65f0a0c60768e017fb"
        },
        {
          "type": "image",
          "assetId": "tgCTASbpWcHOtrF",
          "checksum": "d65bcef09ec7634f7c7d7135f1db5607"
        },
        {
          "type": "image",
          "assetId": "vNSTCjtMm27qeeF",
          "checksum": "7cc0f7d672dae47b503e0ff90d6ffe03"
        },
        {
          "type": "image",
          "assetId": "U-rmJFwDF-RqaNk",
          "checksum": "5ac4003f4745320ce0398c90e2e0f770"
        },
        {
          "type": "image",
          "assetId": "RGrOAzFjsMtLj0f",
          "checksum": "db816516afa9e0593041cc8da0458d54"
        },
        {
          "type": "image",
          "assetId": "uSNmVSo9CLS8B4t",
          "checksum": "b9de9c0c451bf3d497fac56237c5def9"
        },
        {
          "type": "image",
          "assetId": "Rpdpfbhozoi1aK1",
          "checksum": "9e6164166ca9d5882e837c86d02432a0"
        },
        {
          "type": "image",
          "assetId": "HyzzMuIgFnaNZEO",
          "checksum": "952d322a476875e0840363f0303830ae"
        },
        {
          "type": "image",
          "assetId": "w7f8480EU-gVtFj",
          "checksum": "1cefdcf3d85acd4fed195320f26ef80f"
        },
        {
          "type": "image",
          "assetId": "__jwv9j6H0mVsZc",
          "checksum": "8566df5cb815cd74365149d8403b7b30"
        },
        {
          "type": "image",
          "assetId": "C4Qq8i8WNBZV5DQ",
          "checksum": "529bc26dc81c9c788252f5220de36aab"
        },
        {
          "type": "image",
          "assetId": "j_Kcd4r3TBO8Frt",
          "checksum": "48d7c9e2f4d86cc74627b5add0b44cd1"
        },
        {
          "type": "image",
          "assetId": "9jBM3oR5z4T1zbz",
          "checksum": "4276e6aa3cc781ce19860bb0d1d74414"
        },
        {
          "type": "image",
          "assetId": "Rvlu8Ci6KPrT5bU",
          "checksum": "56ea099f7104999392d23053db0f8f79"
        },
        {
          "type": "image",
          "assetId": "vTqZl5PHQc19L3_",
          "checksum": "13b85de2994f3a878e55adbdd52bbf84"
        },
        {
          "type": "image",
          "assetId": "9CcKB6FOWEw6bw7",
          "checksum": "027dd3063089e15b7b3b6bbf4fc09ce9"
        },
        {
          "type": "image",
          "assetId": "3CHLs4Htk8OogP4",
          "checksum": "d7ae088cc3c3d1239f97e21d7c6448ff"
        },
        {
          "type": "image",
          "assetId": "rysFnGLhXVVsSW7",
          "checksum": "24d612226f8217474795f15f1cd5da83"
        },
        {
          "type": "image",
          "assetId": "s1953A-9iHux4gD",
          "checksum": "cfca3492b101beced08635cfaabaa2e1"
        },
        {
          "type": "image",
          "assetId": "WW-2xVJxDAkFF2K",
          "checksum": "5ed75bef96e454f47485f7609bf09de6"
        },
        {
          "type": "image",
          "assetId": "2oHaD1NUgydSxH8",
          "checksum": "bccbe291cc99415ba2756b3879240561"
        },
        {
          "type": "image",
          "assetId": "uYJDybGT90xTr_6",
          "checksum": "4c6f3cb042b23d1cbed410c631591641"
        },
        {
          "type": "image",
          "assetId": "_iIcuDyYyyXHPsY",
          "checksum": "b1f0323d0c7fb4a51ad914df946c6a9a"
        },
        {
          "type": "image",
          "assetId": "C1zs_Y05KL3oDUr",
          "checksum": "5c409834878ebe1df078ece1af938dbb"
        },
        {
          "type": "image",
          "assetId": "6S-5sWMStte7zgp",
          "checksum": "83d0e19184a881f4687c4ca1d8af3f52"
        },
        {
          "type": "image",
          "assetId": "ESUs1JOq6jev3Ni",
          "checksum": "b3fb1d529930530f47cbb5c317744eaa"
        },
        {
          "type": "image",
          "assetId": "RtHKWohh57Uem2T",
          "checksum": "2234b656fc2b0549fc4b1d0d0c37ebd6"
        },
        {
          "type": "image",
          "assetId": "LRYWM4wOoLutB1f",
          "checksum": "39eece699633ea051863ea0e04539b0b"
        },
        {
          "type": "image",
          "assetId": "E06g9-qg4O_eDj7",
          "checksum": "d861af77ff2ddb2fcab27ac0e96b34a9"
        },
        {
          "type": "image",
          "assetId": "hyDx3SL3JgQ_rYq",
          "checksum": "8508c1b77afb8c210af0f061af397840"
        },
        {
          "type": "image",
          "assetId": "e2GMjZd_x9UeixC",
          "checksum": "154ef1011f10e318f0b9f42fcce75a3b"
        },
        {
          "type": "image",
          "assetId": "hZjFp8lO0Bl6wef",
          "checksum": "9e78604087d88a9e9bcb91792b859b58"
        },
        {
          "type": "image",
          "assetId": "s6yjmUEfA29EzYy",
          "checksum": "7d243f9202f114bdddb7c8a21f14b6a8"
        },
        {
          "type": "image",
          "assetId": "I_8DEIp-OmVL4zc",
          "checksum": "81402ec3ff9342f45f79e07ffb744e29"
        },
        {
          "type": "image",
          "assetId": "ac9f167gPGayqt8",
          "checksum": "afca6f7b3be6408e9710c8506ba35f99"
        },
        {
          "type": "image",
          "assetId": "koNTYzMbV4zuQMs",
          "checksum": "b7285987542de9676ab060e6c308bf45"
        },
        {
          "type": "image",
          "assetId": "v636BRJwo8nFVhd",
          "checksum": "cee34c269f6e0ff2f41bd740d088c3cc"
        },
        {
          "type": "image",
          "assetId": "SIjct2gl9FSbxkT",
          "checksum": "ac62fdda8592e58f33ada4db2631a5fe"
        },
        {
          "type": "image",
          "assetId": "zRYo7NqPdE0WDQ9",
          "checksum": "76d47c85b887e42ce82e233857ed4900"
        },
        {
          "type": "image",
          "assetId": "u_e29WCJiFxBT86",
          "checksum": "9d163963aee69d1b07f33ac29a1f532f"
        },
        {
          "type": "image",
          "assetId": "EkeNREfjHlbtfm-",
          "checksum": "80bbe53578cdc075c1d6a4641d60b597"
        },
        {
          "type": "image",
          "assetId": "6SRZy5LTqlbEoh8",
          "checksum": "0eb726837f25d0f5606423ba207a079b"
        },
        {
          "type": "image",
          "assetId": "Su0n_RL-UrusSXS",
          "checksum": "5e4a6101c73907f773341119c4d4f376"
        },
        {
          "type": "image",
          "assetId": "hINidC0EeI_9Hd5",
          "checksum": "5743bf42060a428db2a68d33a6de53e6"
        }
      ],
      "codegenVersion": "0.0.1"
    }
  ],
  "cliVersion": "0.1.216"
}
