{
  "projects": [
    {
      "projectId": "wJD4VsJTYW6gZPn3AUEzqs",
      "version": "latest",
      "dependencies": {},
      "lang": "ts",
      "fileLocks": [
        {
          "type": "globalVariant",
          "assetId": "SUXxHpH6GpmS",
          "checksum": "a99aa3b26c1b582730d5394f879a9d81"
        },
        {
          "type": "renderModule",
          "assetId": "PVcACwPnqF_X",
          "checksum": "1dcdc2cabe677e5c56dbbe2476ea2847"
        },
        {
          "type": "cssRules",
          "assetId": "PVcACwPnqF_X",
          "checksum": "1dcdc2cabe677e5c56dbbe2476ea2847"
        },
        {
          "type": "renderModule",
          "assetId": "y9_AztIaP_fj",
          "checksum": "224be1e56357a137acf7d306dae7b040"
        },
        {
          "type": "cssRules",
          "assetId": "y9_AztIaP_fj",
          "checksum": "224be1e56357a137acf7d306dae7b040"
        },
        {
          "type": "renderModule",
          "assetId": "OM0b83QCLrUW",
          "checksum": "2b1329107b303637be6fb264766208a7"
        },
        {
          "type": "cssRules",
          "assetId": "OM0b83QCLrUW",
          "checksum": "2b1329107b303637be6fb264766208a7"
        },
        {
          "type": "renderModule",
          "assetId": "PuaGQn8Cnc2P",
          "checksum": "1340bc18fb41104b7026358004e7858e"
        },
        {
          "type": "cssRules",
          "assetId": "PuaGQn8Cnc2P",
          "checksum": "1340bc18fb41104b7026358004e7858e"
        },
        {
          "type": "renderModule",
          "assetId": "TyTbxxRcv7JA",
          "checksum": "03dd2bbe768e9e6bd0b80117b6f37aa5"
        },
        {
          "type": "cssRules",
          "assetId": "TyTbxxRcv7JA",
          "checksum": "03dd2bbe768e9e6bd0b80117b6f37aa5"
        },
        {
          "type": "renderModule",
          "assetId": "e6lEcbqjA-B4",
          "checksum": "c76ee8954300bf502c4cf961fd8a9be1"
        },
        {
          "type": "cssRules",
          "assetId": "e6lEcbqjA-B4",
          "checksum": "c76ee8954300bf502c4cf961fd8a9be1"
        },
        {
          "type": "renderModule",
          "assetId": "TUdrtJf2IXv-",
          "checksum": "18f0252cdc4b98d07a478f532a7662aa"
        },
        {
          "type": "cssRules",
          "assetId": "TUdrtJf2IXv-",
          "checksum": "18f0252cdc4b98d07a478f532a7662aa"
        },
        {
          "type": "renderModule",
          "assetId": "TprVJnSYLAFY",
          "checksum": "f881841e7ea9212df334c46e971a4877"
        },
        {
          "type": "cssRules",
          "assetId": "TprVJnSYLAFY",
          "checksum": "f881841e7ea9212df334c46e971a4877"
        },
        {
          "type": "renderModule",
          "assetId": "EpQ2n61NUxop",
          "checksum": "cfa001f8ba7563dff8ececa37ea95004"
        },
        {
          "type": "cssRules",
          "assetId": "EpQ2n61NUxop",
          "checksum": "cfa001f8ba7563dff8ececa37ea95004"
        },
        {
          "type": "renderModule",
          "assetId": "BC-vwiKgXIJER",
          "checksum": "0123de451c788ae6a5ae4885c0acf186"
        },
        {
          "type": "cssRules",
          "assetId": "BC-vwiKgXIJER",
          "checksum": "0123de451c788ae6a5ae4885c0acf186"
        },
        {
          "type": "renderModule",
          "assetId": "kuGFT2-FKgH6d",
          "checksum": "b4d80ca4f227a4404cfa245168d52055"
        },
        {
          "type": "cssRules",
          "assetId": "kuGFT2-FKgH6d",
          "checksum": "b4d80ca4f227a4404cfa245168d52055"
        },
        {
          "type": "renderModule",
          "assetId": "GZ0R6WVqiMoqZ",
          "checksum": "14a692af694e89f9707166c91abb3bf7"
        },
        {
          "type": "cssRules",
          "assetId": "GZ0R6WVqiMoqZ",
          "checksum": "14a692af694e89f9707166c91abb3bf7"
        },
        {
          "type": "renderModule",
          "assetId": "jgIadmQ9AD4-u",
          "checksum": "9c4a4e262942e45e30fb6024e2ed9e95"
        },
        {
          "type": "cssRules",
          "assetId": "jgIadmQ9AD4-u",
          "checksum": "9c4a4e262942e45e30fb6024e2ed9e95"
        },
        {
          "type": "renderModule",
          "assetId": "ZFsz13Ptv6xwG",
          "checksum": "a5a22152aee294f4a7422415f1eb1f9e"
        },
        {
          "type": "cssRules",
          "assetId": "ZFsz13Ptv6xwG",
          "checksum": "a5a22152aee294f4a7422415f1eb1f9e"
        },
        {
          "type": "renderModule",
          "assetId": "o_R3Zpo5Fc9DZ",
          "checksum": "279c82ed90c27d7a14adfb58f54c65d3"
        },
        {
          "type": "cssRules",
          "assetId": "o_R3Zpo5Fc9DZ",
          "checksum": "279c82ed90c27d7a14adfb58f54c65d3"
        },
        {
          "type": "renderModule",
          "assetId": "aae8A4seQLffE",
          "checksum": "b11658b4d7e221db35e056eb9e76564d"
        },
        {
          "type": "cssRules",
          "assetId": "aae8A4seQLffE",
          "checksum": "b11658b4d7e221db35e056eb9e76564d"
        },
        {
          "type": "renderModule",
          "assetId": "qON1wLGXxLhvK",
          "checksum": "435898fcc1c6e7989c39e9725267d6eb"
        },
        {
          "type": "cssRules",
          "assetId": "qON1wLGXxLhvK",
          "checksum": "435898fcc1c6e7989c39e9725267d6eb"
        },
        {
          "type": "renderModule",
          "assetId": "fuNPxN4Mz6a8R",
          "checksum": "bb49bba679e0db8508938146168d85ec"
        },
        {
          "type": "cssRules",
          "assetId": "fuNPxN4Mz6a8R",
          "checksum": "bb49bba679e0db8508938146168d85ec"
        },
        {
          "type": "renderModule",
          "assetId": "7yDDnDCshHrNn",
          "checksum": "9f56e32c0838d8f7c8e85a0d4f312145"
        },
        {
          "type": "cssRules",
          "assetId": "7yDDnDCshHrNn",
          "checksum": "9f56e32c0838d8f7c8e85a0d4f312145"
        },
        {
          "type": "renderModule",
          "assetId": "D2nJF8AzXyMMY",
          "checksum": "ca553cb7e2d78ecc79a832c506ba8021"
        },
        {
          "type": "cssRules",
          "assetId": "D2nJF8AzXyMMY",
          "checksum": "ca553cb7e2d78ecc79a832c506ba8021"
        },
        {
          "type": "renderModule",
          "assetId": "u5rWtT0YY4XcR",
          "checksum": "86e5d8b87dc2d2764408eb5eb08c88d7"
        },
        {
          "type": "cssRules",
          "assetId": "u5rWtT0YY4XcR",
          "checksum": "86e5d8b87dc2d2764408eb5eb08c88d7"
        },
        {
          "type": "renderModule",
          "assetId": "EgxvzUtVYBMDi",
          "checksum": "fa04b0f865776961f47cec26a8d9e3a2"
        },
        {
          "type": "cssRules",
          "assetId": "EgxvzUtVYBMDi",
          "checksum": "fa04b0f865776961f47cec26a8d9e3a2"
        },
        {
          "type": "renderModule",
          "assetId": "8xydCnm9CIOaN",
          "checksum": "f9f0c13fcd81f8e76ce244e9adb51d30"
        },
        {
          "type": "cssRules",
          "assetId": "8xydCnm9CIOaN",
          "checksum": "f9f0c13fcd81f8e76ce244e9adb51d30"
        },
        {
          "type": "renderModule",
          "assetId": "X-5GGa12Q1UBv",
          "checksum": "62b390837384aa0bc7a10a9128b0f584"
        },
        {
          "type": "cssRules",
          "assetId": "X-5GGa12Q1UBv",
          "checksum": "62b390837384aa0bc7a10a9128b0f584"
        },
        {
          "type": "renderModule",
          "assetId": "1XW2gjXMOvjb5",
          "checksum": "75c49f5c4bae328edb5277fcc75867ed"
        },
        {
          "type": "cssRules",
          "assetId": "1XW2gjXMOvjb5",
          "checksum": "75c49f5c4bae328edb5277fcc75867ed"
        },
        {
          "type": "renderModule",
          "assetId": "-iDh_LbE9_cuN",
          "checksum": "591c8786d059e62e4293fde8a331c4b5"
        },
        {
          "type": "cssRules",
          "assetId": "-iDh_LbE9_cuN",
          "checksum": "591c8786d059e62e4293fde8a331c4b5"
        },
        {
          "type": "renderModule",
          "assetId": "KXaiuxh0XMlvl",
          "checksum": "743f689e00643ee7726eef7edf60ae6c"
        },
        {
          "type": "cssRules",
          "assetId": "KXaiuxh0XMlvl",
          "checksum": "743f689e00643ee7726eef7edf60ae6c"
        },
        {
          "type": "renderModule",
          "assetId": "me5Xm7f3OgReD",
          "checksum": "43064e19b7fcea23c9c87e17dadd7296"
        },
        {
          "type": "cssRules",
          "assetId": "me5Xm7f3OgReD",
          "checksum": "43064e19b7fcea23c9c87e17dadd7296"
        },
        {
          "type": "renderModule",
          "assetId": "fGXhUEdlHzVAB",
          "checksum": "a7d0ec643f5c748fd0e7782ade6d6f5c"
        },
        {
          "type": "cssRules",
          "assetId": "fGXhUEdlHzVAB",
          "checksum": "a7d0ec643f5c748fd0e7782ade6d6f5c"
        },
        {
          "type": "renderModule",
          "assetId": "LIbPMREFofruh",
          "checksum": "c0fa2e0aac426116627691879b607e51"
        },
        {
          "type": "cssRules",
          "assetId": "LIbPMREFofruh",
          "checksum": "c0fa2e0aac426116627691879b607e51"
        },
        {
          "type": "renderModule",
          "assetId": "0H_YF9nXzcED7",
          "checksum": "e5514adefbcb39e80e0060a55017abd9"
        },
        {
          "type": "cssRules",
          "assetId": "0H_YF9nXzcED7",
          "checksum": "e5514adefbcb39e80e0060a55017abd9"
        },
        {
          "type": "renderModule",
          "assetId": "ZA4C-ox3-lqdz",
          "checksum": "91f83370098d12d18631a76fbba5d07e"
        },
        {
          "type": "cssRules",
          "assetId": "ZA4C-ox3-lqdz",
          "checksum": "91f83370098d12d18631a76fbba5d07e"
        },
        {
          "type": "renderModule",
          "assetId": "BWMj3hPaIIM4a",
          "checksum": "d7a7981adaeb05cd7d803f37545d0bb2"
        },
        {
          "type": "cssRules",
          "assetId": "BWMj3hPaIIM4a",
          "checksum": "d7a7981adaeb05cd7d803f37545d0bb2"
        },
        {
          "type": "renderModule",
          "assetId": "1utSr2T9ypsxV",
          "checksum": "aae66c969e923025279413ea40c12297"
        },
        {
          "type": "cssRules",
          "assetId": "1utSr2T9ypsxV",
          "checksum": "aae66c969e923025279413ea40c12297"
        },
        {
          "type": "renderModule",
          "assetId": "tA3bFheKBFKav",
          "checksum": "4e53a9e4df2dceb7e82f0503655d5237"
        },
        {
          "type": "cssRules",
          "assetId": "tA3bFheKBFKav",
          "checksum": "4e53a9e4df2dceb7e82f0503655d5237"
        },
        {
          "type": "renderModule",
          "assetId": "hPXUkchYh8lQa",
          "checksum": "047de6b26b28999b66bd4d942b9a7227"
        },
        {
          "type": "cssRules",
          "assetId": "hPXUkchYh8lQa",
          "checksum": "047de6b26b28999b66bd4d942b9a7227"
        },
        {
          "type": "renderModule",
          "assetId": "1N7tS9KuyaeeL",
          "checksum": "02c5a626e7a7c9c16d8ee0dd1d511798"
        },
        {
          "type": "cssRules",
          "assetId": "1N7tS9KuyaeeL",
          "checksum": "02c5a626e7a7c9c16d8ee0dd1d511798"
        },
        {
          "type": "renderModule",
          "assetId": "jUIewLqUOGhSy",
          "checksum": "08d85555ab20d16169a342201f94c2c1"
        },
        {
          "type": "cssRules",
          "assetId": "jUIewLqUOGhSy",
          "checksum": "08d85555ab20d16169a342201f94c2c1"
        },
        {
          "type": "renderModule",
          "assetId": "ylUDKqtbv1J-w",
          "checksum": "5b1d69bb0dd14b7b9becab954435678a"
        },
        {
          "type": "cssRules",
          "assetId": "ylUDKqtbv1J-w",
          "checksum": "5b1d69bb0dd14b7b9becab954435678a"
        },
        {
          "type": "renderModule",
          "assetId": "rMAe3i2q2RQu7",
          "checksum": "d2e0e8a630489abfc33d74a27a5541b2"
        },
        {
          "type": "cssRules",
          "assetId": "rMAe3i2q2RQu7",
          "checksum": "d2e0e8a630489abfc33d74a27a5541b2"
        },
        {
          "type": "renderModule",
          "assetId": "FynkGdTOvgCs2",
          "checksum": "e32d417a94b7a61affeab2d722e6eca6"
        },
        {
          "type": "cssRules",
          "assetId": "FynkGdTOvgCs2",
          "checksum": "e32d417a94b7a61affeab2d722e6eca6"
        },
        {
          "type": "renderModule",
          "assetId": "_fAaIMpBipw-Y",
          "checksum": "12698efba3b917a65c2a8f4784850323"
        },
        {
          "type": "cssRules",
          "assetId": "_fAaIMpBipw-Y",
          "checksum": "12698efba3b917a65c2a8f4784850323"
        },
        {
          "type": "renderModule",
          "assetId": "XG5Rt2JU6Twy3",
          "checksum": "856c297680e458df0aa057ca46cf57b6"
        },
        {
          "type": "cssRules",
          "assetId": "XG5Rt2JU6Twy3",
          "checksum": "856c297680e458df0aa057ca46cf57b6"
        },
        {
          "type": "renderModule",
          "assetId": "j8fpc21nEqIdr",
          "checksum": "1ca6f759c9e89802a00707b747ebdbb5"
        },
        {
          "type": "cssRules",
          "assetId": "j8fpc21nEqIdr",
          "checksum": "1ca6f759c9e89802a00707b747ebdbb5"
        },
        {
          "type": "renderModule",
          "assetId": "-qv4035hzrt9G",
          "checksum": "7f866a1907ce8fa860d2b5f60b059664"
        },
        {
          "type": "cssRules",
          "assetId": "-qv4035hzrt9G",
          "checksum": "7f866a1907ce8fa860d2b5f60b059664"
        },
        {
          "type": "renderModule",
          "assetId": "DPS3rZoEyBnNo",
          "checksum": "9d15f27b2fb8be97440429f339c8c9c6"
        },
        {
          "type": "cssRules",
          "assetId": "DPS3rZoEyBnNo",
          "checksum": "9d15f27b2fb8be97440429f339c8c9c6"
        },
        {
          "type": "renderModule",
          "assetId": "B63qcRWpR0XmJ",
          "checksum": "8b8f6f484e2b535fe324948e218364c5"
        },
        {
          "type": "cssRules",
          "assetId": "B63qcRWpR0XmJ",
          "checksum": "8b8f6f484e2b535fe324948e218364c5"
        },
        {
          "type": "renderModule",
          "assetId": "wWxDUFEeKRkFW",
          "checksum": "d0f7108736ebd86c16767fd57c4b7c2c"
        },
        {
          "type": "cssRules",
          "assetId": "wWxDUFEeKRkFW",
          "checksum": "d0f7108736ebd86c16767fd57c4b7c2c"
        },
        {
          "type": "renderModule",
          "assetId": "k_ZR2YmJHJoLI",
          "checksum": "e274bdcc9835468e1c7bd96d730ae380"
        },
        {
          "type": "cssRules",
          "assetId": "k_ZR2YmJHJoLI",
          "checksum": "e274bdcc9835468e1c7bd96d730ae380"
        },
        {
          "type": "renderModule",
          "assetId": "ocU3wjNEFTscH",
          "checksum": "b6e1632f5817f2726a38a2fe89d33562"
        },
        {
          "type": "cssRules",
          "assetId": "ocU3wjNEFTscH",
          "checksum": "b6e1632f5817f2726a38a2fe89d33562"
        },
        {
          "type": "renderModule",
          "assetId": "QakTQ9O5_fV8M",
          "checksum": "b6da090ceaec587782bd2b26c554f3fe"
        },
        {
          "type": "cssRules",
          "assetId": "QakTQ9O5_fV8M",
          "checksum": "b6da090ceaec587782bd2b26c554f3fe"
        },
        {
          "type": "renderModule",
          "assetId": "Eda-axjeANcFE",
          "checksum": "2cda4eb7fb4a8607eaad7c29de521fe3"
        },
        {
          "type": "cssRules",
          "assetId": "Eda-axjeANcFE",
          "checksum": "2cda4eb7fb4a8607eaad7c29de521fe3"
        },
        {
          "type": "renderModule",
          "assetId": "d3W0ENAOcNaOe",
          "checksum": "01670d16609ae87d6ec53883ac55deff"
        },
        {
          "type": "cssRules",
          "assetId": "d3W0ENAOcNaOe",
          "checksum": "01670d16609ae87d6ec53883ac55deff"
        },
        {
          "type": "renderModule",
          "assetId": "uG3j3zIrAJz3e",
          "checksum": "211304d7182e3e78591b82fb30b771cf"
        },
        {
          "type": "cssRules",
          "assetId": "uG3j3zIrAJz3e",
          "checksum": "211304d7182e3e78591b82fb30b771cf"
        },
        {
          "type": "renderModule",
          "assetId": "t0MfdOHLxYyIb",
          "checksum": "91b5ac5a8139767b5ba9bb424a433a5d"
        },
        {
          "type": "cssRules",
          "assetId": "t0MfdOHLxYyIb",
          "checksum": "91b5ac5a8139767b5ba9bb424a433a5d"
        },
        {
          "type": "renderModule",
          "assetId": "tEyzV0RFqLV4T",
          "checksum": "e6e6b6115881b83c4f645a8cb6814495"
        },
        {
          "type": "cssRules",
          "assetId": "tEyzV0RFqLV4T",
          "checksum": "e6e6b6115881b83c4f645a8cb6814495"
        },
        {
          "type": "renderModule",
          "assetId": "lUwyfzEUrpopJ",
          "checksum": "74c1a7f347fe2a79f0e92f6117c33888"
        },
        {
          "type": "cssRules",
          "assetId": "lUwyfzEUrpopJ",
          "checksum": "74c1a7f347fe2a79f0e92f6117c33888"
        },
        {
          "type": "renderModule",
          "assetId": "H9F42oltm8Qyu",
          "checksum": "c7e0ab9294c18037703070e5fb694aac"
        },
        {
          "type": "cssRules",
          "assetId": "H9F42oltm8Qyu",
          "checksum": "c7e0ab9294c18037703070e5fb694aac"
        },
        {
          "type": "renderModule",
          "assetId": "73_C_lZn92bFi",
          "checksum": "f1af5ff1e57d9333fd20627166ba857a"
        },
        {
          "type": "cssRules",
          "assetId": "73_C_lZn92bFi",
          "checksum": "f1af5ff1e57d9333fd20627166ba857a"
        },
        {
          "type": "renderModule",
          "assetId": "st0_xSRO6Cbj6",
          "checksum": "f11548ebc0c2dea492ff775a8f541067"
        },
        {
          "type": "cssRules",
          "assetId": "st0_xSRO6Cbj6",
          "checksum": "f11548ebc0c2dea492ff775a8f541067"
        },
        {
          "type": "renderModule",
          "assetId": "4Xmgn6n080BCX",
          "checksum": "81c81744afdf9885a653de39943767de"
        },
        {
          "type": "cssRules",
          "assetId": "4Xmgn6n080BCX",
          "checksum": "81c81744afdf9885a653de39943767de"
        },
        {
          "type": "renderModule",
          "assetId": "2a3wwF0VG7yif",
          "checksum": "c73bf7a92cba6f069c872fd9aeca573e"
        },
        {
          "type": "cssRules",
          "assetId": "2a3wwF0VG7yif",
          "checksum": "c73bf7a92cba6f069c872fd9aeca573e"
        },
        {
          "type": "renderModule",
          "assetId": "8-BommJzSoLw",
          "checksum": "8f1f97483d3c9de2bf44336aeccd6d62"
        },
        {
          "type": "cssRules",
          "assetId": "8-BommJzSoLw",
          "checksum": "8f1f97483d3c9de2bf44336aeccd6d62"
        },
        {
          "type": "renderModule",
          "assetId": "uKpH2-69KTL",
          "checksum": "8ed4a69225042b564288a9eba9836957"
        },
        {
          "type": "cssRules",
          "assetId": "uKpH2-69KTL",
          "checksum": "8ed4a69225042b564288a9eba9836957"
        },
        {
          "type": "renderModule",
          "assetId": "mplQfWeXC40",
          "checksum": "52b3a2dea649bb29c9bb14873a5fea23"
        },
        {
          "type": "cssRules",
          "assetId": "mplQfWeXC40",
          "checksum": "52b3a2dea649bb29c9bb14873a5fea23"
        },
        {
          "type": "renderModule",
          "assetId": "L9wPhe2_ywN",
          "checksum": "4093f721158e49155b71d1b47ac3e55f"
        },
        {
          "type": "cssRules",
          "assetId": "L9wPhe2_ywN",
          "checksum": "4093f721158e49155b71d1b47ac3e55f"
        },
        {
          "type": "icon",
          "assetId": "MtQqqjfg8Wq_G",
          "checksum": "16893ca3ae3cd1b565cad2ab585f44b9"
        },
        {
          "type": "icon",
          "assetId": "Yja-nQT_PFt45",
          "checksum": "5a8e3d75b7530361b28dc1d3000e09fa"
        },
        {
          "type": "icon",
          "assetId": "n8PV4AfpehUQb",
          "checksum": "c64b7202489d124cd94779173708b379"
        },
        {
          "type": "icon",
          "assetId": "dKOnOogHBbFBR",
          "checksum": "d5a16125ed5020b380c9d6a8f185c30a"
        },
        {
          "type": "icon",
          "assetId": "TMewibysxbmq5",
          "checksum": "fe9427f7bf486f59a991c80743ca3fcf"
        },
        {
          "type": "icon",
          "assetId": "3vPoGyuPi5l3b",
          "checksum": "de81b16bf24275ad93aef17d9fda9601"
        },
        {
          "type": "icon",
          "assetId": "2dATcX4buyCX-",
          "checksum": "a382cf3478b200231aef8a1ecd7e8d93"
        },
        {
          "type": "icon",
          "assetId": "K98x-NTfpcyN5",
          "checksum": "b53e29a743b169733268272f6fbdf87d"
        },
        {
          "type": "icon",
          "assetId": "2mEDeeeCiYqE2",
          "checksum": "1d2d520004727cabd4537c9dafa0c55e"
        },
        {
          "type": "icon",
          "assetId": "6LBkQ0fgEHgGo",
          "checksum": "2f226859e86327f266cbbcc39f14c984"
        },
        {
          "type": "icon",
          "assetId": "trCZhmw33TFLM",
          "checksum": "c70f06beeabc292ea2e98c7012ab9287"
        },
        {
          "type": "icon",
          "assetId": "IZBUMJ408GdtG",
          "checksum": "0342d8202e4c89f4a60db64963afb3d3"
        },
        {
          "type": "icon",
          "assetId": "RTBCnV_lV-0Kh",
          "checksum": "c28876ada3cdae51ed3466c5a9f020c1"
        },
        {
          "type": "icon",
          "assetId": "2AbZ0rgPiosaU",
          "checksum": "1d13a5bb0507847f999e458f71893cdc"
        },
        {
          "type": "image",
          "assetId": "Z-FP8Lo2LSSwk",
          "checksum": "f4db5baec5b71a347801beb6b61e1b87"
        },
        {
          "type": "image",
          "assetId": "xuMA-CEwM8K14",
          "checksum": "8ba9373fded936f979f65f5a149e303f"
        },
        {
          "type": "image",
          "assetId": "9GX9-3hl84alR",
          "checksum": "d9827d818a5690ff999d937af5fd6e4a"
        },
        {
          "type": "image",
          "assetId": "59RzcN0eVeJT1",
          "checksum": "e3f499e4129fb68be3a733634fa3b8fd"
        },
        {
          "type": "image",
          "assetId": "bvku74e4NlR6t",
          "checksum": "9b67f3ed11cddae782a11e2ca5aa758c"
        },
        {
          "type": "image",
          "assetId": "RFv71l1aKT6j6",
          "checksum": "9edec3c4c0c4e44fa8f5ee343c5b2ab8"
        },
        {
          "type": "image",
          "assetId": "Bp2KyeZy0p3oY",
          "checksum": "ee8e614d67ea2d2f15ca9befd615b82f"
        },
        {
          "type": "image",
          "assetId": "sFyGTDpmpXy72",
          "checksum": "d5f4b69c53f96317740e32b3039b4280"
        },
        {
          "type": "image",
          "assetId": "wgxAToLfkvk4b",
          "checksum": "98a96e1cdaf4d1002b57e40986c146f8"
        },
        {
          "type": "image",
          "assetId": "UYlO_DWPWiKAI",
          "checksum": "763d7715393c5e4bb1d25a31148cade5"
        },
        {
          "type": "image",
          "assetId": "CHZEicfYLmPEV",
          "checksum": "e396d2112f6f440c448c37cf70efeade"
        },
        {
          "type": "image",
          "assetId": "n7ZeMD9uOa-_0",
          "checksum": "2c159bf5951bd889a4588f26576c1904"
        },
        {
          "type": "image",
          "assetId": "442iz0FYek7Yp",
          "checksum": "59f2fbf0ca195321f5ddef012ad7805f"
        },
        {
          "type": "image",
          "assetId": "BDzVx5CSJXHxV",
          "checksum": "527b2fbf3f987e73a27e4210efc61bcc"
        },
        {
          "type": "image",
          "assetId": "FtaUZkz5Zahl1",
          "checksum": "cd07f6129ac108142fe14fff1f6fa59a"
        },
        {
          "type": "image",
          "assetId": "K-kUJHNwld9g-",
          "checksum": "1581dc07321b1bb8be4d29bea02ab271"
        },
        {
          "type": "image",
          "assetId": "Oyv_affJVWHIX",
          "checksum": "d1ceb5d84ffaed6bfd7f780182961b44"
        },
        {
          "type": "image",
          "assetId": "8h7WMojlxWhQx",
          "checksum": "ba3211255b3b9a2675c5e3a63bbdbc0b"
        },
        {
          "type": "image",
          "assetId": "sBJMv3JBIKSTa",
          "checksum": "a40f0bc51d6cdd10a92235c0975fb928"
        },
        {
          "type": "image",
          "assetId": "xkyavskX54lc-",
          "checksum": "6f9aecbc0f2fc48ce3781458f4a17779"
        },
        {
          "type": "image",
          "assetId": "uz0Y-syC3yI7l",
          "checksum": "d8a60ad540746c58d0afe93994eedae1"
        },
        {
          "type": "image",
          "assetId": "Qq_WqHlcIuiJ8",
          "checksum": "6573d3a9276fc0c8a1f2b22988ce4087"
        },
        {
          "type": "image",
          "assetId": "8iMNXwYOmQP7t",
          "checksum": "0afb3557837015148b868aab9cc15263"
        },
        {
          "type": "image",
          "assetId": "1T8RM2-D4OJLV",
          "checksum": "d9a6ff888a43583e6185dafcc815e6d4"
        },
        {
          "type": "image",
          "assetId": "cQ5nTs6omW3R9",
          "checksum": "44c62548ccecd04cd35b45d7f620537c"
        },
        {
          "type": "image",
          "assetId": "hnt7Qo4nJMLeU",
          "checksum": "7d64af6e247fc719861791d0f62390b0"
        },
        {
          "type": "image",
          "assetId": "XsqbJgGuv2Ev5",
          "checksum": "934c5208878b895311e15d47c704a145"
        },
        {
          "type": "image",
          "assetId": "j4F9z4bEIv_zS",
          "checksum": "9e79766bac65b64dfb58bafb2c7ad447"
        },
        {
          "type": "image",
          "assetId": "JujXnnwL2uJei",
          "checksum": "a2685b6ae936d6799bd347977a5611f0"
        },
        {
          "type": "image",
          "assetId": "2XJ48hmOOojco",
          "checksum": "78b574a746a80dce6b859a660336707c"
        },
        {
          "type": "image",
          "assetId": "Uci-Zf1OZflL0",
          "checksum": "8489066d2495e44c71b92262f97f2c62"
        },
        {
          "type": "image",
          "assetId": "1QguxMQjilMsO",
          "checksum": "778692fe5890369a3d95338f304369ec"
        },
        {
          "type": "image",
          "assetId": "QJ8wFU2s-ojTb",
          "checksum": "da1414c1112a7c419386e2762abc6ae6"
        },
        {
          "type": "image",
          "assetId": "thGnVqsJyYKb0",
          "checksum": "3eeeb8e1816421f00645c9d3842fa578"
        },
        {
          "type": "image",
          "assetId": "pWOf1NVbq9jcp",
          "checksum": "6411c76e55d5dfcf1f7201fd78cebdcc"
        },
        {
          "type": "image",
          "assetId": "Xxd9PyR5i5Q0g",
          "checksum": "d28412f691dab3a984dc7f47885baf10"
        },
        {
          "type": "image",
          "assetId": "eku2aLdbw0yCV",
          "checksum": "c6d4baa06f768c04ee78ef4b7b2a6fa3"
        },
        {
          "type": "image",
          "assetId": "ywYLE6fv151na",
          "checksum": "d93eb987d573c47ac4f1241415eac862"
        },
        {
          "type": "image",
          "assetId": "0EC0FolRnTA0q",
          "checksum": "792b186c5ed91fa4fc2117cc9cfb5665"
        },
        {
          "type": "image",
          "assetId": "64aA03gF9b6uu",
          "checksum": "00c11d902a42f7eaa2c8e4288ec44799"
        },
        {
          "type": "image",
          "assetId": "RMgnFyZBQCMWt",
          "checksum": "9ac66bd9096f3296c942fe693a0c826c"
        },
        {
          "type": "image",
          "assetId": "srlANDrAncSjF",
          "checksum": "50c901298047519a104711333d6738e6"
        },
        {
          "type": "image",
          "assetId": "aEXN5DJsAU1f_",
          "checksum": "2f501a5c6eaa003401ad2669f6d6f0c2"
        },
        {
          "type": "image",
          "assetId": "gExgbkOOnU-ZU",
          "checksum": "e4c9564e0403de6fc3ba57ee6c8715c7"
        },
        {
          "type": "image",
          "assetId": "n6PALSTYuR7WO",
          "checksum": "4063c9280f6db8eb5d021fe93cc91c4a"
        },
        {
          "type": "image",
          "assetId": "acrDf9vYU0kZu",
          "checksum": "4e88d9e9bc73b742022ffaea86edd02c"
        },
        {
          "type": "image",
          "assetId": "LUUaPmed6JWRR",
          "checksum": "3a6ce00e35cfbc694e8787eec9e2613e"
        },
        {
          "type": "image",
          "assetId": "g8HWhy46NGeVF",
          "checksum": "aa2be95ecc83f3d1545e39e0d9688652"
        },
        {
          "type": "image",
          "assetId": "wBtD8PPNYG9LQ",
          "checksum": "e11c50720b094fd6c0fd2373da64b2fb"
        },
        {
          "type": "image",
          "assetId": "1kwbGPR7fP1Ki",
          "checksum": "6ea1eb8c7627e5bcb1ac8d7bfdf50ff4"
        },
        {
          "type": "image",
          "assetId": "JdtzI4ZdzOPt-",
          "checksum": "58e7768c207ece9fa868e3a69f69fe3b"
        },
        {
          "type": "image",
          "assetId": "qEisJamYCjH1H",
          "checksum": "efff53203809fc4fa451562429189138"
        },
        {
          "type": "image",
          "assetId": "S8DTJ89q680PU",
          "checksum": "763576f521f10f44ce9cfbf2427f65ed"
        },
        {
          "type": "image",
          "assetId": "89NkhlUGPjTFB",
          "checksum": "d4fdfb7e6c5c05648e1c75973e928445"
        },
        {
          "type": "image",
          "assetId": "r-jxogjJrEHXO",
          "checksum": "453eb29203c914b9d084515d7f12ae70"
        },
        {
          "type": "image",
          "assetId": "MY54q4ipcHcsJ",
          "checksum": "880e637497a7a3cb5b8ec640eed63797"
        },
        {
          "type": "image",
          "assetId": "iIrp4sdGg7jzv",
          "checksum": "90344d6607f063d46bae0a07514d077d"
        },
        {
          "type": "image",
          "assetId": "KYZxXQYlGPtjA",
          "checksum": "b00079b2bd9f7137b754dde94a79a78b"
        },
        {
          "type": "image",
          "assetId": "SkP_wYF5Ab0l4",
          "checksum": "412adecd03f792cac81476687fd820f9"
        },
        {
          "type": "image",
          "assetId": "pI2shYrWBmgfg",
          "checksum": "dc28b300dac76d074df759442e0b51ac"
        },
        {
          "type": "image",
          "assetId": "VlrRPoVxtsRpD",
          "checksum": "b8af4f4ccc0e50d1a3f63cfe3fe9e17e"
        },
        {
          "type": "image",
          "assetId": "nWIwGOiZYOG2r",
          "checksum": "a1fa50d536f8de42694b7e6b7cf66911"
        },
        {
          "type": "image",
          "assetId": "BzhlDNcF1FwTi",
          "checksum": "2f9e6242430834877c4888e253999f7e"
        },
        {
          "type": "image",
          "assetId": "QViX3esgJ7Cno",
          "checksum": "335e4456cf5a2f714763985dd055f3f9"
        },
        {
          "type": "image",
          "assetId": "OUeXX3MLQrI3a",
          "checksum": "d18abfa72e91da08a22b03f5197bb30d"
        },
        {
          "type": "image",
          "assetId": "RMRx-X2dXDS7Q",
          "checksum": "4f6a824a4d4bfbf402d3d973947eeef4"
        },
        {
          "type": "image",
          "assetId": "AL0F6I0V728qI",
          "checksum": "7a5c421a400016163b6609f52c134f20"
        },
        {
          "type": "image",
          "assetId": "XKqsM3XYBhSWk",
          "checksum": "8e1aed61abca49e5cea5bad8b64bd802"
        },
        {
          "type": "image",
          "assetId": "T6AXv5IDYIsiJ",
          "checksum": "1465a777a0d2616607015709dc42abbe"
        },
        {
          "type": "image",
          "assetId": "IGmDSJCFQIsiW",
          "checksum": "c0146aa0b6f63cdd4a5a32908522154e"
        },
        {
          "type": "image",
          "assetId": "z5xHOOW-povet",
          "checksum": "0c6cff55d122a880bccb5d86d0b7c9dc"
        },
        {
          "type": "image",
          "assetId": "lTOCuQHdLmIRv",
          "checksum": "9b359200aaeb790a88325b74c98661eb"
        },
        {
          "type": "image",
          "assetId": "DfnrMOV7OGyIE",
          "checksum": "f6eee59d8a916f83ca2a798af75932b2"
        },
        {
          "type": "image",
          "assetId": "0ZkS9lcnacjdU",
          "checksum": "7ff012d149a957c6f5f19dd3785b8b08"
        },
        {
          "type": "image",
          "assetId": "oj082FmAwgay_",
          "checksum": "468d22fb7b65ed63312b385106f4b003"
        },
        {
          "type": "image",
          "assetId": "QakNC0SQkK80V",
          "checksum": "955d68a4b0264688fe013612bd77bba9"
        },
        {
          "type": "image",
          "assetId": "ySgIE2vled8Bi",
          "checksum": "4ddb5d4b5913522448cc6f5320cf847a"
        },
        {
          "type": "image",
          "assetId": "UsWkXzYWeNY0d",
          "checksum": "ed0cad52bb6d4eec54f6a2673dd645bf"
        },
        {
          "type": "image",
          "assetId": "f1uBbPdBvblT5",
          "checksum": "5ec845fb49db1bde0e701190ca1757fe"
        },
        {
          "type": "image",
          "assetId": "Dhw7XBdKTuk2P",
          "checksum": "45fbb065bfa98154a80f39f0fe7492db"
        },
        {
          "type": "image",
          "assetId": "YwtuUSgixVyWq",
          "checksum": "6b828ed3b2fa8b9b9127eae0c77b7291"
        },
        {
          "type": "image",
          "assetId": "L8DNzjDsFxmns",
          "checksum": "2451ce8dbe9286179fb346185ca244f5"
        },
        {
          "type": "image",
          "assetId": "JPF8CD47rq5r6",
          "checksum": "696316a24570a52a8944430da008c7c4"
        },
        {
          "type": "image",
          "assetId": "qTqvCgAWXiMB0",
          "checksum": "0a6acbedc946072c5efee6434cd5ec8c"
        },
        {
          "type": "image",
          "assetId": "MHkLAxzNlmZYq",
          "checksum": "22bfb767f853c69d3a8e4ab7aaf29666"
        },
        {
          "type": "image",
          "assetId": "SdbA82NjrlDO2",
          "checksum": "398505e714e4b30977e73126d695f2fd"
        },
        {
          "type": "image",
          "assetId": "vRmzT2lPqP3EJ",
          "checksum": "561eb9ed64a88b8358c095bfa6a41d0c"
        },
        {
          "type": "image",
          "assetId": "eW3DjJD4i9uL8",
          "checksum": "e9ec11da42ed9ac9a9c29bb89c4453b3"
        },
        {
          "type": "image",
          "assetId": "9sHlAtRGNMcCE",
          "checksum": "59c475c6e4324206a89f79515b22f62e"
        },
        {
          "type": "image",
          "assetId": "PyCXUQ_uyNnd5",
          "checksum": "cc81fa91d0919849efb0605005f5e5d8"
        },
        {
          "type": "image",
          "assetId": "jLcqlag6DcpBt",
          "checksum": "58be70a98ebef01670352f7caed2fa13"
        },
        {
          "type": "image",
          "assetId": "dyQlyJ6r87Egj",
          "checksum": "68692e87c233114ca2754c7053574990"
        },
        {
          "type": "image",
          "assetId": "v-tDs0cq1oaOc",
          "checksum": "07be839357fd0a57813f40a0046ba07f"
        },
        {
          "type": "image",
          "assetId": "vUWBEBfZmZCWN",
          "checksum": "17c48bf47ee6862f1ccc3993b8e8081d"
        },
        {
          "type": "image",
          "assetId": "5hGZrLItSTA--",
          "checksum": "d6cb7af19b05fbab5230a4b15190f004"
        },
        {
          "type": "image",
          "assetId": "QuN4tbHhS0lYH",
          "checksum": "534b24efb2046292c7285da03636fa23"
        },
        {
          "type": "image",
          "assetId": "6GepW69S59e2i",
          "checksum": "83267613baa00a71384e306285e3a7d8"
        },
        {
          "type": "image",
          "assetId": "iI8qWzH9Kp588",
          "checksum": "efe3ecc4578af1a2a7852a84313ee9e3"
        },
        {
          "type": "image",
          "assetId": "g8fuMVnjFHoJI",
          "checksum": "18e41c4a050836848ae668ff8b9d138e"
        },
        {
          "type": "image",
          "assetId": "HDQyuc2-PZXjc",
          "checksum": "937d6fcd6e37ab63774d37b14145d052"
        },
        {
          "type": "image",
          "assetId": "pw_1PmXQDgMTl",
          "checksum": "50af7661b9093368952e6a13475018a8"
        },
        {
          "type": "image",
          "assetId": "mD1vlJHUdxgAP",
          "checksum": "b50792d8680852ab08829064280c074a"
        },
        {
          "type": "image",
          "assetId": "1lC7GdxrpjvAs",
          "checksum": "af2a87561abbcf55a2ea8b3bad07bb5b"
        },
        {
          "type": "image",
          "assetId": "m6KMYy_zFBpGR",
          "checksum": "364400d7bdfdf3f13a37849295477a85"
        },
        {
          "type": "image",
          "assetId": "NmwW181XPhMSr",
          "checksum": "9605722ffae1b521222398273efeba23"
        },
        {
          "type": "image",
          "assetId": "aTDkuWAS1pB67",
          "checksum": "3a533aad9725161e7f7a007e3975df82"
        },
        {
          "type": "image",
          "assetId": "yXo7sGXPtGCkE",
          "checksum": "9135a9ebe451c3d4dd751ba2bf7bd5a5"
        },
        {
          "type": "image",
          "assetId": "7UEvB6LG3hfaW",
          "checksum": "9c7c9730766e11be3fdf3513303a6758"
        },
        {
          "type": "image",
          "assetId": "bqgNZmk8xSIDL",
          "checksum": "c0bce16449e82036a33df5cda4cf86c1"
        },
        {
          "type": "image",
          "assetId": "bUyn5jILXQGH8",
          "checksum": "9cda2e810e3dacd19f6ca64a90ab7f32"
        },
        {
          "type": "image",
          "assetId": "VEoSTxB-mOoCI",
          "checksum": "1ce73ade19a2fbc15616b4c4ddea670f"
        },
        {
          "type": "image",
          "assetId": "IEzlGtQpWOHLq",
          "checksum": "7a91aaafbee3e34abd26171849326cef"
        },
        {
          "type": "image",
          "assetId": "ezDhG9iWj5tqP",
          "checksum": "0709bb4553304bd5c9b5e7976737ff48"
        },
        {
          "type": "image",
          "assetId": "dbSeqL0geTzBp",
          "checksum": "fafb1f4acb2dfebab0cb40233946b5d6"
        },
        {
          "type": "image",
          "assetId": "7RQwQN-oXB_Iw",
          "checksum": "5e5a52cff0909b597e64b17a3c5b59d6"
        },
        {
          "type": "image",
          "assetId": "aTpYld74Te8M4",
          "checksum": "cf2c0d1a06993580955f013ead72e996"
        },
        {
          "type": "image",
          "assetId": "RSeqP_UYLiV1q",
          "checksum": "ad7c7acbaa2d00df1a291f0cdc421fb8"
        },
        {
          "type": "image",
          "assetId": "Xc6ghH7QSqCwY",
          "checksum": "a10578902806d49e627667f376684df5"
        },
        {
          "type": "image",
          "assetId": "qgHUWeutW2GOW",
          "checksum": "186678e1d9f475281269648a719ac4f2"
        },
        {
          "type": "image",
          "assetId": "BfOxwbZKe6fvR",
          "checksum": "f8361485c2f1306f84dac4933e7e4a6f"
        },
        {
          "type": "image",
          "assetId": "_Wn1A6gU6I3Fm",
          "checksum": "a55c8d22d2c9fe5455bb03e5310bf1dd"
        },
        {
          "type": "image",
          "assetId": "As9OhsiRqjUOl",
          "checksum": "003a8aa840e03bd2e505079b4ddb1940"
        },
        {
          "assetId": "wJD4VsJTYW6gZPn3AUEzqs",
          "type": "projectCss",
          "checksum": "d1da1064a89787f2ae710ca55fe4827b"
        },
        {
          "type": "renderModule",
          "assetId": "UYdM1YtE_Yr",
          "checksum": "cbc4464f13ba64b79b667626031c2f65"
        },
        {
          "type": "cssRules",
          "assetId": "UYdM1YtE_Yr",
          "checksum": "cbc4464f13ba64b79b667626031c2f65"
        }
      ],
      "codegenVersion": "0.0.1"
    }
  ],
  "cliVersion": "0.1.225"
}
